
Microsoft Visual Studio Solution File, Format Version 12.00
# Visual Studio Version 16
VisualStudioVersion = 16.0.31019.35
MinimumVisualStudioVersion = 10.0.40219.1
Project("{FAE04EC0-301F-11D3-BF4B-00C04F79EFBC}") = "NacisnijMnie", "NacisnijMnie.csproj", "{C78CA730-FE93-43F1-B3DD-FF17B86F7301}"
EndProject
Global
	GlobalSection(SolutionConfigurationPlatforms) = preSolution
		Debug|Any CPU = Debug|Any CPU
		Release|Any CPU = Release|Any CPU
	EndGlobalSection
	GlobalSection(ProjectConfigurationPlatforms) = postSolution
		{C78CA730-FE93-43F1-B3DD-FF17B86F7301}.Debug|Any CPU.ActiveCfg = Debug|Any CPU
		{C78CA730-FE93-43F1-B3DD-FF17B86F7301}.Debug|Any CPU.Build.0 = Debug|Any CPU
		{C78CA730-FE93-43F1-B3DD-FF17B86F7301}.Release|Any CPU.ActiveCfg = Release|Any CPU
		{C78CA730-FE93-43F1-B3DD-FF17B86F7301}.Release|Any CPU.Build.0 = Release|Any CPU
	EndGlobalSection
	GlobalSection(SolutionProperties) = preSolution
		HideSolutionNode = FALSE
	EndGlobalSection
	GlobalSection(ExtensibilityGlobals) = postSolution
		SolutionGuid = {87D78016-BDC7-4068-9A31-2237E9CB50C9}
	EndGlobalSection
EndGlobal
